// !$*UTF8*$!
{
	archiveVersion = 1;
	classes = {
	};
	objectVersion = 55;
	objects = {

/* Begin PBXBuildFile section */
		84CE8F08282D41BD00334309 /* AppDelegate.swift in Sources */ = {isa = PBXBuildFile; fileRef = 84CE8F07282D41BD00334309 /* AppDelegate.swift */; };
		84CE8F0A282D41BD00334309 /* SceneDelegate.swift in Sources */ = {isa = PBXBuildFile; fileRef = 84CE8F09282D41BD00334309 /* SceneDelegate.swift */; };
		84CE8F0C282D41BD00334309 /* MainViewController.swift in Sources */ = {isa = PBXBuildFile; fileRef = 84CE8F0B282D41BD00334309 /* MainViewController.swift */; };
		84CE8F0F282D41BD00334309 /* Main.storyboard in Resources */ = {isa = PBXBuildFile; fileRef = 84CE8F0D282D41BD00334309 /* Main.storyboard */; };
		84CE8F11282D41BF00334309 /* Assets.xcassets in Resources */ = {isa = PBXBuildFile; fileRef = 84CE8F10282D41BF00334309 /* Assets.xcassets */; };
		84CE8F14282D41BF00334309 /* LaunchScreen.storyboard in Resources */ = {isa = PBXBuildFile; fileRef = 84CE8F12282D41BF00334309 /* LaunchScreen.storyboard */; };
		84CE8F1C282D66CA00334309 /* GreetingPresenter.swift in Sources */ = {isa = PBXBuildFile; fileRef = 84CE8F1B282D66CA00334309 /* GreetingPresenter.swift */; };
		84CE8F1E282D83A000334309 /* Person.swift in Sources */ = {isa = PBXBuildFile; fileRef = 84CE8F1D282D83A000334309 /* Person.swift */; };
/* End PBXBuildFile section */

/* Begin PBXFileReference section */
		84CE8F04282D41BD00334309 /* LogInWithMVP.app */ = {isa = PBXFileReference; explicitFileType = wrapper.application; includeInIndex = 0; path = LogInWithMVP.app; sourceTree = BUILT_PRODUCTS_DIR; };
		84CE8F07282D41BD00334309 /* AppDelegate.swift */ = {isa = PBXFileReference; lastKnownFileType = sourcecode.swift; path = AppDelegate.swift; sourceTree = "<group>"; };
		84CE8F09282D41BD00334309 /* SceneDelegate.swift */ = {isa = PBXFileReference; lastKnownFileType = sourcecode.swift; path = SceneDelegate.swift; sourceTree = "<group>"; };
		84CE8F0B282D41BD00334309 /* MainViewController.swift */ = {isa = PBXFileReference; lastKnownFileType = sourcecode.swift; path = MainViewController.swift; sourceTree = "<group>"; };
		84CE8F0E282D41BD00334309 /* Base */ = {isa = PBXFileReference; lastKnownFileType = file.storyboard; name = Base; path = Base.lproj/Main.storyboard; sourceTree = "<group>"; };
		84CE8F10282D41BF00334309 /* Assets.xcassets */ = {isa = PBXFileReference; lastKnownFileType = folder.assetcatalog; path = Assets.xcassets; sourceTree = "<group>"; };
		84CE8F13282D41BF00334309 /* Base */ = {isa = PBXFileReference; lastKnownFileType = file.storyboard; name = Base; path = Base.lproj/LaunchScreen.storyboard; sourceTree = "<group>"; };
		84CE8F15282D41BF00334309 /* Info.plist */ = {isa = PBXFileReference; lastKnownFileType = text.plist.xml; path = Info.plist; sourceTree = "<group>"; };
		84CE8F1B282D66CA00334309 /* GreetingPresenter.swift */ = {isa = PBXFileReference; lastKnownFileType = sourcecode.swift; path = GreetingPresenter.swift; sourceTree = "<group>"; };
		84CE8F1D282D83A000334309 /* Person.swift */ = {isa = PBXFileReference; lastKnownFileType = sourcecode.swift; path = Person.swift; sourceTree = "<group>"; };
/* End PBXFileReference section */

/* Begin PBXFrameworksBuildPhase section */
		84CE8F01282D41BD00334309 /* Frameworks */ = {
			isa = PBXFrameworksBuildPhase;
			buildActionMask = 2147483647;
			files = (
			);
			runOnlyForDeploymentPostprocessing = 0;
		};
/* End PBXFrameworksBuildPhase section */

/* Begin PBXGroup section */
		84CE8EFB282D41BD00334309 = {
			isa = PBXGroup;
			children = (
				84CE8F06282D41BD00334309 /* LogInWithMVP */,
				84CE8F05282D41BD00334309 /* Products */,
			);
			sourceTree = "<group>";
		};
		84CE8F05282D41BD00334309 /* Products */ = {
			isa = PBXGroup;
			children = (
				84CE8F04282D41BD00334309 /* LogInWithMVP.app */,
			);
			name = Products;
			sourceTree = "<group>";
		};
		84CE8F06282D41BD00334309 /* LogInWithMVP */ = {
			isa = PBXGroup;
			children = (
				84CE8F1F282E436900334309 /* ViewControllers */,
				84CE8F20282E437B00334309 /* Presenters */,
				84CE8F21282E438200334309 /* Models */,
				84CE8F22282E43A100334309 /* Storyboards */,
				84CE8F24282E43CB00334309 /* App */,
				84CE8F23282E43BB00334309 /* Resources */,
			);
			path = LogInWithMVP;
			sourceTree = "<group>";
		};
		84CE8F1F282E436900334309 /* ViewControllers */ = {
			isa = PBXGroup;
			children = (
				84CE8F0B282D41BD00334309 /* MainViewController.swift */,
			);
			path = ViewControllers;
			sourceTree = "<group>";
		};
		84CE8F20282E437B00334309 /* Presenters */ = {
			isa = PBXGroup;
			children = (
				84CE8F1B282D66CA00334309 /* GreetingPresenter.swift */,
			);
			path = Presenters;
			sourceTree = "<group>";
		};
		84CE8F21282E438200334309 /* Models */ = {
			isa = PBXGroup;
			children = (
				84CE8F1D282D83A000334309 /* Person.swift */,
			);
			path = Models;
			sourceTree = "<group>";
		};
		84CE8F22282E43A100334309 /* Storyboards */ = {
			isa = PBXGroup;
			children = (
				84CE8F0D282D41BD00334309 /* Main.storyboard */,
				84CE8F12282D41BF00334309 /* LaunchScreen.storyboard */,
			);
			path = Storyboards;
			sourceTree = "<group>";
		};
		84CE8F23282E43BB00334309 /* Resources */ = {
			isa = PBXGroup;
			children = (
				84CE8F10282D41BF00334309 /* Assets.xcassets */,
			);
			path = Resources;
			sourceTree = "<group>";
		};
		84CE8F24282E43CB00334309 /* App */ = {
			isa = PBXGroup;
			children = (
				84CE8F07282D41BD00334309 /* AppDelegate.swift */,
				84CE8F09282D41BD00334309 /* SceneDelegate.swift */,
				84CE8F15282D41BF00334309 /* Info.plist */,
			);
			path = App;
			sourceTree = "<group>";
		};
/* End PBXGroup section */

/* Begin PBXNativeTarget section */
		84CE8F03282D41BD00334309 /* LogInWithMVP */ = {
			isa = PBXNativeTarget;
			buildConfigurationList = 84CE8F18282D41BF00334309 /* Build configuration list for PBXNativeTarget "LogInWithMVP" */;
			buildPhases = (
				84CE8F00282D41BD00334309 /* Sources */,
				84CE8F01282D41BD00334309 /* Frameworks */,
				84CE8F02282D41BD00334309 /* Resources */,
			);
			buildRules = (
			);
			dependencies = (
			);
			name = LogInWithMVP;
			productName = LogInWithMVP;
			productReference = 84CE8F04282D41BD00334309 /* LogInWithMVP.app */;
			productType = "com.apple.product-type.application";
		};
/* End PBXNativeTarget section */

/* Begin PBXProject section */
		84CE8EFC282D41BD00334309 /* Project object */ = {
			isa = PBXProject;
			attributes = {
				BuildIndependentTargetsInParallel = 1;
				LastSwiftUpdateCheck = 1330;
				LastUpgradeCheck = 1330;
				TargetAttributes = {
					84CE8F03282D41BD00334309 = {
						CreatedOnToolsVersion = 13.3.1;
					};
				};
			};
			buildConfigurationList = 84CE8EFF282D41BD00334309 /* Build configuration list for PBXProject "LogInWithMVP" */;
			compatibilityVersion = "Xcode 13.0";
			developmentRegion = en;
			hasScannedForEncodings = 0;
			knownRegions = (
				en,
				Base,
			);
			mainGroup = 84CE8EFB282D41BD00334309;
			productRefGroup = 84CE8F05282D41BD00334309 /* Products */;
			projectDirPath = "";
			projectRoot = "";
			targets = (
				84CE8F03282D41BD00334309 /* LogInWithMVP */,
			);
		};
/* End PBXProject section */

/* Begin PBXResourcesBuildPhase section */
		84CE8F02282D41BD00334309 /* Resources */ = {
			isa = PBXResourcesBuildPhase;
			buildActionMask = 2147483647;
			files = (
				84CE8F14282D41BF00334309 /* LaunchScreen.storyboard in Resources */,
				84CE8F11282D41BF00334309 /* Assets.xcassets in Resources */,
				84CE8F0F282D41BD00334309 /* Main.storyboard in Resources */,
			);
			runOnlyForDeploymentPostprocessing = 0;
		};
/* End PBXResourcesBuildPhase section */

/* Begin PBXSourcesBuildPhase section */
		84CE8F00282D41BD00334309 /* Sources */ = {
			isa = PBXSourcesBuildPhase;
			buildActionMask = 2147483647;
			files = (
				84CE8F1E282D83A000334309 /* Person.swift in Sources */,
				84CE8F0C282D41BD00334309 /* MainViewController.swift in Sources */,
				84CE8F08282D41BD00334309 /* AppDelegate.swift in Sources */,
				84CE8F0A282D41BD00334309 /* SceneDelegate.swift in Sources */,
				84CE8F1C282D66CA00334309 /* GreetingPresenter.swift in Sources */,
			);
			runOnlyForDeploymentPostprocessing = 0;
		};
/* End PBXSourcesBuildPhase section */

/* Begin PBXVariantGroup section */
		84CE8F0D282D41BD00334309 /* Main.storyboard */ = {
			isa = PBXVariantGroup;
			children = (
				84CE8F0E282D41BD00334309 /* Base */,
			);
			name = Main.storyboard;
			sourceTree = "<group>";
		};
		84CE8F12282D41BF00334309 /* LaunchScreen.storyboard */ = {
			isa = PBXVariantGroup;
			children = (
				84CE8F13282D41BF00334309 /* Base */,
			);
			name = LaunchScreen.storyboard;
			sourceTree = "<group>";
		};
/* End PBXVariantGroup section */

/* Begin XCBuildConfiguration section */
		84CE8F16282D41BF00334309 /* Debug */ = {
			isa = XCBuildConfiguration;
			buildSettings = {
				ALWAYS_SEARCH_USER_PATHS = NO;
				CLANG_ANALYZER_NONNULL = YES;
				CLANG_ANALYZER_NUMBER_OBJECT_CONVERSION = YES_AGGRESSIVE;
				CLANG_CXX_LANGUAGE_STANDARD = "gnu++17";
				CLANG_ENABLE_MODULES = YES;
				CLANG_ENABLE_OBJC_ARC = YES;
				CLANG_ENABLE_OBJC_WEAK = YES;
				CLANG_WARN_BLOCK_CAPTURE_AUTORELEASING = YES;
				CLANG_WARN_BOOL_CONVERSION = YES;
				CLANG_WARN_COMMA = YES;
				CLANG_WARN_CONSTANT_CONVERSION = YES;
				CLANG_WARN_DEPRECATED_OBJC_IMPLEMENTATIONS = YES;
				CLANG_WARN_DIRECT_OBJC_ISA_USAGE = YES_ERROR;
				CLANG_WARN_DOCUMENTATION_COMMENTS = YES;
				CLANG_WARN_EMPTY_BODY = YES;
				CLANG_WARN_ENUM_CONVERSION = YES;
				CLANG_WARN_INFINITE_RECURSION = YES;
				CLANG_WARN_INT_CONVERSION = YES;
				CLANG_WARN_NON_LITERAL_NULL_CONVERSION = YES;
				CLANG_WARN_OBJC_IMPLICIT_RETAIN_SELF = YES;
				CLANG_WARN_OBJC_LITERAL_CONVERSION = YES;
				CLANG_WARN_OBJC_ROOT_CLASS = YES_ERROR;
				CLANG_WARN_QUOTED_INCLUDE_IN_FRAMEWORK_HEADER = YES;
				CLANG_WARN_RANGE_LOOP_ANALYSIS = YES;
				CLANG_WARN_STRICT_PROTOTYPES = YES;
				CLANG_WARN_SUSPICIOUS_MOVE = YES;
				CLANG_WARN_UNGUARDED_AVAILABILITY = YES_AGGRESSIVE;
				CLANG_WARN_UNREACHABLE_CODE = YES;
				CLANG_WARN__DUPLICATE_METHOD_MATCH = YES;
				COPY_PHASE_STRIP = NO;
				DEBUG_INFORMATION_FORMAT = dwarf;
				ENABLE_STRICT_OBJC_MSGSEND = YES;
				ENABLE_TESTABILITY = YES;
				GCC_C_LANGUAGE_STANDARD = gnu11;
				GCC_DYNAMIC_NO_PIC = NO;
				GCC_NO_COMMON_BLOCKS = YES;
				GCC_OPTIMIZATION_LEVEL = 0;
				GCC_PREPROCESSOR_DEFINITIONS = (
					"DEBUG=1",
					"$(inherited)",
				);
				GCC_WARN_64_TO_32_BIT_CONVERSION = YES;
				GCC_WARN_ABOUT_RETURN_TYPE = YES_ERROR;
				GCC_WARN_UNDECLARED_SELECTOR = YES;
				GCC_WARN_UNINITIALIZED_AUTOS = YES_AGGRESSIVE;
				GCC_WARN_UNUSED_FUNCTION = YES;
				GCC_WARN_UNUSED_VARIABLE = YES;
				IPHONEOS_DEPLOYMENT_TARGET = 15.4;
				MTL_ENABLE_DEBUG_INFO = INCLUDE_SOURCE;
				MTL_FAST_MATH = YES;
				ONLY_ACTIVE_ARCH = YES;
				SDKROOT = iphoneos;
				SWIFT_ACTIVE_COMPILATION_CONDITIONS = DEBUG;
				SWIFT_OPTIMIZATION_LEVEL = "-Onone";
			};
			name = Debug;
		};
		84CE8F17282D41BF00334309 /* Release */ = {
			isa = XCBuildConfiguration;
			buildSettings = {
				ALWAYS_SEARCH_USER_PATHS = NO;
				CLANG_ANALYZER_NONNULL = YES;
				CLANG_ANALYZER_NUMBER_OBJECT_CONVERSION = YES_AGGRESSIVE;
				CLANG_CXX_LANGUAGE_STANDARD = "gnu++17";
				CLANG_ENABLE_MODULES = YES;
				CLANG_ENABLE_OBJC_ARC = YES;
				CLANG_ENABLE_OBJC_WEAK = YES;
				CLANG_WARN_BLOCK_CAPTURE_AUTORELEASING = YES;
				CLANG_WARN_BOOL_CONVERSION = YES;
				CLANG_WARN_COMMA = YES;
				CLANG_WARN_CONSTANT_CONVERSION = YES;
				CLANG_WARN_DEPRECATED_OBJC_IMPLEMENTATIONS = YES;
				CLANG_WARN_DIRECT_OBJC_ISA_USAGE = YES_ERROR;
				CLANG_WARN_DOCUMENTATION_COMMENTS = YES;
				CLANG_WARN_EMPTY_BODY = YES;
				CLANG_WARN_ENUM_CONVERSION = YES;
				CLANG_WARN_INFINITE_RECURSION = YES;
				CLANG_WARN_INT_CONVERSION = YES;
				CLANG_WARN_NON_LITERAL_NULL_CONVERSION = YES;
				CLANG_WARN_OBJC_IMPLICIT_RETAIN_SELF = YES;
				CLANG_WARN_OBJC_LITERAL_CONVERSION = YES;
				CLANG_WARN_OBJC_ROOT_CLASS = YES_ERROR;
				CLANG_WARN_QUOTED_INCLUDE_IN_FRAMEWORK_HEADER = YES;
				CLANG_WARN_RANGE_LOOP_ANALYSIS = YES;
				CLANG_WARN_STRICT_PROTOTYPES = YES;
				CLANG_WARN_SUSPICIOUS_MOVE = YES;
				CLANG_WARN_UNGUARDED_AVAILABILITY = YES_AGGRESSIVE;
				CLANG_WARN_UNREACHABLE_CODE = YES;
				CLANG_WARN__DUPLICATE_METHOD_MATCH = YES;
				COPY_PHASE_STRIP = NO;
				DEBUG_INFORMATION_FORMAT = "dwarf-with-dsym";
				ENABLE_NS_ASSERTIONS = NO;
				ENABLE_STRICT_OBJC_MSGSEND = YES;
				GCC_C_LANGUAGE_STANDARD = gnu11;
				GCC_NO_COMMON_BLOCKS = YES;
				GCC_WARN_64_TO_32_BIT_CONVERSION = YES;
				GCC_WARN_ABOUT_RETURN_TYPE = YES_ERROR;
				GCC_WARN_UNDECLARED_SELECTOR = YES;
				GCC_WARN_UNINITIALIZED_AUTOS = YES_AGGRESSIVE;
				GCC_WARN_UNUSED_FUNCTION = YES;
				GCC_WARN_UNUSED_VARIABLE = YES;
				IPHONEOS_DEPLOYMENT_TARGET = 15.4;
				MTL_ENABLE_DEBUG_INFO = NO;
				MTL_FAST_MATH = YES;
				SDKROOT = iphoneos;
				SWIFT_COMPILATION_MODE = wholemodule;
				SWIFT_OPTIMIZATION_LEVEL = "-O";
				VALIDATE_PRODUCT = YES;
			};
			name = Release;
		};
		84CE8F19282D41BF00334309 /* Debug */ = {
			isa = XCBuildConfiguration;
			buildSettings = {
				ASSETCATALOG_COMPILER_APPICON_NAME = AppIcon;
				ASSETCATALOG_COMPILER_GLOBAL_ACCENT_COLOR_NAME = AccentColor;
				CODE_SIGN_STYLE = Automatic;
				CURRENT_PROJECT_VERSION = 1;
				DEVELOPMENT_TEAM = QQ7NB58NL6;
				GENERATE_INFOPLIST_FILE = YES;
				INFOPLIST_FILE = LogInWithMVP/App/Info.plist;
				INFOPLIST_KEY_UIApplicationSupportsIndirectInputEvents = YES;
				INFOPLIST_KEY_UILaunchStoryboardName = LaunchScreen;
				INFOPLIST_KEY_UIMainStoryboardFile = Main;
				INFOPLIST_KEY_UISupportedInterfaceOrientations_iPad = "UIInterfaceOrientationPortrait UIInterfaceOrientationPortraitUpsideDown UIInterfaceOrientationLandscapeLeft UIInterfaceOrientationLandscapeRight";
				INFOPLIST_KEY_UISupportedInterfaceOrientations_iPhone = "UIInterfaceOrientationPortrait UIInterfaceOrientationLandscapeLeft UIInterfaceOrientationLandscapeRight";
				LD_RUNPATH_SEARCH_PATHS = (
					"$(inherited)",
					"@executable_path/Frameworks",
				);
				MARKETING_VERSION = 1.0;
				PRODUCT_BUNDLE_IDENTIFIER = ArtemPavlov.LogInWithMVP;
				PRODUCT_NAME = "$(TARGET_NAME)";
				SWIFT_EMIT_LOC_STRINGS = YES;
				SWIFT_VERSION = 5.0;
				TARGETED_DEVICE_FAMILY = 1;
			};
			name = Debug;
		};
		84CE8F1A282D41BF00334309 /* Release */ = {
			isa = XCBuildConfiguration;
			buildSettings = {
				ASSETCATALOG_COMPILER_APPICON_NAME = AppIcon;
				ASSETCATALOG_COMPILER_GLOBAL_ACCENT_COLOR_NAME = AccentColor;
				CODE_SIGN_STYLE = Automatic;
				CURRENT_PROJECT_VERSION = 1;
				DEVELOPMENT_TEAM = QQ7NB58NL6;
				GENERATE_INFOPLIST_FILE = YES;
				INFOPLIST_FILE = LogInWithMVP/App/Info.plist;
				INFOPLIST_KEY_UIApplicationSupportsIndirectInputEvents = YES;
				INFOPLIST_KEY_UILaunchStoryboardName = LaunchScreen;
				INFOPLIST_KEY_UIMainStoryboardFile = Main;
				INFOPLIST_KEY_UISupportedInterfaceOrientations_iPad = "UIInterfaceOrientationPortrait UIInterfaceOrientationPortraitUpsideDown UIInterfaceOrientationLandscapeLeft UIInterfaceOrientationLandscapeRight";
				INFOPLIST_KEY_UISupportedInterfaceOrientations_iPhone = "UIInterfaceOrientationPortrait UIInterfaceOrientationLandscapeLeft UIInterfaceOrientationLandscapeRight";
				LD_RUNPATH_SEARCH_PATHS = (
					"$(inherited)",
					"@executable_path/Frameworks",
				);
				MARKETING_VERSION = 1.0;
				PRODUCT_BUNDLE_IDENTIFIER = ArtemPavlov.LogInWithMVP;
				PRODUCT_NAME = "$(TARGET_NAME)";
				SWIFT_EMIT_LOC_STRINGS = YES;
				SWIFT_VERSION = 5.0;
				TARGETED_DEVICE_FAMILY = 1;
			};
			name = Release;
		};
/* End XCBuildConfiguration section */

/* Begin XCConfigurationList section */
		84CE8EFF282D41BD00334309 /* Build configuration list for PBXProject "LogInWithMVP" */ = {
			isa = XCConfigurationList;
			buildConfigurations = (
				84CE8F16282D41BF00334309 /* Debug */,
				84CE8F17282D41BF00334309 /* Release */,
			);
			defaultConfigurationIsVisible = 0;
			defaultConfigurationName = Release;
		};
		84CE8F18282D41BF00334309 /* Build configuration list for PBXNativeTarget "LogInWithMVP" */ = {
			isa = XCConfigurationList;
			buildConfigurations = (
				84CE8F19282D41BF00334309 /* Debug */,
				84CE8F1A282D41BF00334309 /* Release */,
			);
			defaultConfigurationIsVisible = 0;
			defaultConfigurationName = Release;
		};
/* End XCConfigurationList section */
	};
	rootObject = 84CE8EFC282D41BD00334309 /* Project object */;
}
